
Microsoft Visual Studio Solution File, Format Version 12.00
# Visual Studio Version 17
VisualStudioVersion = 17.12.35707.178
MinimumVisualStudioVersion = 10.0.40219.1
Project("{FAE04EC0-301F-11D3-BF4B-00C04F79EFBC}") = "DataAccess", "DataAccess\DataAccess.csproj", "{31472B8E-72F7-4992-81F3-034E48818014}"
EndProject
Project("{FAE04EC0-301F-11D3-BF4B-00C04F79EFBC}") = "Domain", "Domain\Domain.csproj", "{ABE653E0-9D70-4831-B18D-D259D4A1941B}"
EndProject
Project("{FAE04EC0-301F-11D3-BF4B-00C04F79EFBC}") = "WebApp", "WebApp\WebApp.csproj", "{F08E3F34-0DF3-4538-8DE4-BA660360B2BA}"
EndProject
Global
	GlobalSection(SolutionConfigurationPlatforms) = preSolution
		Debug|Any CPU = Debug|Any CPU
		Release|Any CPU = Release|Any CPU
	EndGlobalSection
	GlobalSection(ProjectConfigurationPlatforms) = postSolution
		{31472B8E-72F7-4992-81F3-034E48818014}.Debug|Any CPU.ActiveCfg = Debug|Any CPU
		{31472B8E-72F7-4992-81F3-034E48818014}.Debug|Any CPU.Build.0 = Debug|Any CPU
		{31472B8E-72F7-4992-81F3-034E48818014}.Release|Any CPU.ActiveCfg = Release|Any CPU
		{31472B8E-72F7-4992-81F3-034E48818014}.Release|Any CPU.Build.0 = Release|Any CPU
		{ABE653E0-9D70-4831-B18D-D259D4A1941B}.Debug|Any CPU.ActiveCfg = Debug|Any CPU
		{ABE653E0-9D70-4831-B18D-D259D4A1941B}.Debug|Any CPU.Build.0 = Debug|Any CPU
		{ABE653E0-9D70-4831-B18D-D259D4A1941B}.Release|Any CPU.ActiveCfg = Release|Any CPU
		{ABE653E0-9D70-4831-B18D-D259D4A1941B}.Release|Any CPU.Build.0 = Release|Any CPU
		{F08E3F34-0DF3-4538-8DE4-BA660360B2BA}.Debug|Any CPU.ActiveCfg = Debug|Any CPU
		{F08E3F34-0DF3-4538-8DE4-BA660360B2BA}.Debug|Any CPU.Build.0 = Debug|Any CPU
		{F08E3F34-0DF3-4538-8DE4-BA660360B2BA}.Release|Any CPU.ActiveCfg = Release|Any CPU
		{F08E3F34-0DF3-4538-8DE4-BA660360B2BA}.Release|Any CPU.Build.0 = Release|Any CPU
	EndGlobalSection
	GlobalSection(SolutionProperties) = preSolution
		HideSolutionNode = FALSE
	EndGlobalSection
EndGlobal
