
Microsoft Visual Studio Solution File, Format Version 12.00
# Visual Studio Version 17
VisualStudioVersion = 17.12.35707.178
MinimumVisualStudioVersion = 10.0.40219.1
Project("{FAE04EC0-301F-11D3-BF4B-00C04F79EFBC}") = "DataAccess", "DataAccess\DataAccess.csproj", "{31472B8E-72F7-4992-81F3-034E48818014}"
EndProject
Project("{FAE04EC0-301F-11D3-BF4B-00C04F79EFBC}") = "Domain", "Domain\Domain.csproj", "{ABE653E0-9D70-4831-B18D-D259D4A1941B}"
EndProject
Project("{FAE04EC0-301F-11D3-BF4B-00C04F79EFBC}") = "Masha", "Masha\Masha.csproj", "{30E45F00-6517-49C6-B9EE-DC4365D9B71A}"
EndProject
Global
	GlobalSection(SolutionConfigurationPlatforms) = preSolution
		Debug|Any CPU = Debug|Any CPU
		Release|Any CPU = Release|Any CPU
	EndGlobalSection
	GlobalSection(ProjectConfigurationPlatforms) = postSolution
		{31472B8E-72F7-4992-81F3-034E48818014}.Debug|Any CPU.ActiveCfg = Debug|Any CPU
		{31472B8E-72F7-4992-81F3-034E48818014}.Debug|Any CPU.Build.0 = Debug|Any CPU
		{31472B8E-72F7-4992-81F3-034E48818014}.Release|Any CPU.ActiveCfg = Release|Any CPU
		{31472B8E-72F7-4992-81F3-034E48818014}.Release|Any CPU.Build.0 = Release|Any CPU
		{ABE653E0-9D70-4831-B18D-D259D4A1941B}.Debug|Any CPU.ActiveCfg = Debug|Any CPU
		{ABE653E0-9D70-4831-B18D-D259D4A1941B}.Debug|Any CPU.Build.0 = Debug|Any CPU
		{ABE653E0-9D70-4831-B18D-D259D4A1941B}.Release|Any CPU.ActiveCfg = Release|Any CPU
		{ABE653E0-9D70-4831-B18D-D259D4A1941B}.Release|Any CPU.Build.0 = Release|Any CPU
		{30E45F00-6517-49C6-B9EE-DC4365D9B71A}.Debug|Any CPU.ActiveCfg = Debug|Any CPU
		{30E45F00-6517-49C6-B9EE-DC4365D9B71A}.Debug|Any CPU.Build.0 = Debug|Any CPU
		{30E45F00-6517-49C6-B9EE-DC4365D9B71A}.Release|Any CPU.ActiveCfg = Release|Any CPU
		{30E45F00-6517-49C6-B9EE-DC4365D9B71A}.Release|Any CPU.Build.0 = Release|Any CPU
	EndGlobalSection
	GlobalSection(SolutionProperties) = preSolution
		HideSolutionNode = FALSE
	EndGlobalSection
EndGlobal
